// !$*UTF8*$!
{
	archiveVersion = 1;
	classes = {
	};
	objectVersion = 46;
	objects = {

/* Begin PBXBuildFile section */
		55D13E0D1D192ACF00AD61BB /* AppDelegate.swift in Sources */ = {isa = PBXBuildFile; fileRef = 55D13E0C1D192ACF00AD61BB /* AppDelegate.swift */; };
		55D13E0F1D192ACF00AD61BB /* ViewController.swift in Sources */ = {isa = PBXBuildFile; fileRef = 55D13E0E1D192ACF00AD61BB /* ViewController.swift */; };
		55D13E121D192ACF00AD61BB /* Main.storyboard in Resources */ = {isa = PBXBuildFile; fileRef = 55D13E101D192ACF00AD61BB /* Main.storyboard */; };
		55D13E151D192ACF00AD61BB /* AutoLayoutExampleApp.xcdatamodeld in Sources */ = {isa = PBXBuildFile; fileRef = 55D13E131D192ACF00AD61BB /* AutoLayoutExampleApp.xcdatamodeld */; };
		55D13E171D192ACF00AD61BB /* Assets.xcassets in Resources */ = {isa = PBXBuildFile; fileRef = 55D13E161D192ACF00AD61BB /* Assets.xcassets */; };
		55D13E1A1D192ACF00AD61BB /* LaunchScreen.storyboard in Resources */ = {isa = PBXBuildFile; fileRef = 55D13E181D192ACF00AD61BB /* LaunchScreen.storyboard */; };
/* End PBXBuildFile section */

/* Begin PBXFileReference section */
		55D13E091D192ACE00AD61BB /* AutoLayoutExampleApp.app */ = {isa = PBXFileReference; explicitFileType = wrapper.application; includeInIndex = 0; path = AutoLayoutExampleApp.app; sourceTree = BUILT_PRODUCTS_DIR; };
		55D13E0C1D192ACF00AD61BB /* AppDelegate.swift */ = {isa = PBXFileReference; lastKnownFileType = sourcecode.swift; path = AppDelegate.swift; sourceTree = "<group>"; };
		55D13E0E1D192ACF00AD61BB /* ViewController.swift */ = {isa = PBXFileReference; lastKnownFileType = sourcecode.swift; path = ViewController.swift; sourceTree = "<group>"; };
		55D13E111D192ACF00AD61BB /* Base */ = {isa = PBXFileReference; lastKnownFileType = file.storyboard; name = Base; path = Base.lproj/Main.storyboard; sourceTree = "<group>"; };
		55D13E141D192ACF00AD61BB /* AutoLayoutExampleApp.xcdatamodel */ = {isa = PBXFileReference; lastKnownFileType = wrapper.xcdatamodel; path = AutoLayoutExampleApp.xcdatamodel; sourceTree = "<group>"; };
		55D13E161D192ACF00AD61BB /* Assets.xcassets */ = {isa = PBXFileReference; lastKnownFileType = folder.assetcatalog; path = Assets.xcassets; sourceTree = "<group>"; };
		55D13E191D192ACF00AD61BB /* Base */ = {isa = PBXFileReference; lastKnownFileType = file.storyboard; name = Base; path = Base.lproj/LaunchScreen.storyboard; sourceTree = "<group>"; };
		55D13E1B1D192ACF00AD61BB /* Info.plist */ = {isa = PBXFileReference; lastKnownFileType = text.plist.xml; path = Info.plist; sourceTree = "<group>"; };
/* End PBXFileReference section */

/* Begin PBXFrameworksBuildPhase section */
		55D13E061D192ACE00AD61BB /* Frameworks */ = {
			isa = PBXFrameworksBuildPhase;
			buildActionMask = 2147483647;
			files = (
			);
			runOnlyForDeploymentPostprocessing = 0;
		};
/* End PBXFrameworksBuildPhase section */

/* Begin PBXGroup section */
		55D13E001D192ACE00AD61BB = {
			isa = PBXGroup;
			children = (
				55D13E0B1D192ACF00AD61BB /* AutoLayoutExampleApp */,
				55D13E0A1D192ACE00AD61BB /* Products */,
			);
			sourceTree = "<group>";
		};
		55D13E0A1D192ACE00AD61BB /* Products */ = {
			isa = PBXGroup;
			children = (
				55D13E091D192ACE00AD61BB /* AutoLayoutExampleApp.app */,
			);
			name = Products;
			sourceTree = "<group>";
		};
		55D13E0B1D192ACF00AD61BB /* AutoLayoutExampleApp */ = {
			isa = PBXGroup;
			children = (
				55D13E0C1D192ACF00AD61BB /* AppDelegate.swift */,
				55D13E0E1D192ACF00AD61BB /* ViewController.swift */,
				55D13E101D192ACF00AD61BB /* Main.storyboard */,
				55D13E161D192ACF00AD61BB /* Assets.xcassets */,
				55D13E181D192ACF00AD61BB /* LaunchScreen.storyboard */,
				55D13E1B1D192ACF00AD61BB /* Info.plist */,
				55D13E131D192ACF00AD61BB /* AutoLayoutExampleApp.xcdatamodeld */,
			);
			path = AutoLayoutExampleApp;
			sourceTree = "<group>";
		};
/* End PBXGroup section */

/* Begin PBXNativeTarget section */
		55D13E081D192ACE00AD61BB /* AutoLayoutExampleApp */ = {
			isa = PBXNativeTarget;
			buildConfigurationList = 55D13E1E1D192ACF00AD61BB /* Build configuration list for PBXNativeTarget "AutoLayoutExampleApp" */;
			buildPhases = (
				55D13E051D192ACE00AD61BB /* Sources */,
				55D13E061D192ACE00AD61BB /* Frameworks */,
				55D13E071D192ACE00AD61BB /* Resources */,
			);
			buildRules = (
			);
			dependencies = (
			);
			name = AutoLayoutExampleApp;
			productName = AutoLayoutExampleApp;
			productReference = 55D13E091D192ACE00AD61BB /* AutoLayoutExampleApp.app */;
			productType = "com.apple.product-type.application";
		};
/* End PBXNativeTarget section */

/* Begin PBXProject section */
		55D13E011D192ACE00AD61BB /* Project object */ = {
			isa = PBXProject;
			attributes = {
				LastSwiftUpdateCheck = 0730;
				LastUpgradeCheck = 0730;
				ORGANIZATIONNAME = "Peter Pohlmann";
				TargetAttributes = {
					55D13E081D192ACE00AD61BB = {
						CreatedOnToolsVersion = 7.3;
					};
				};
			};
			buildConfigurationList = 55D13E041D192ACE00AD61BB /* Build configuration list for PBXProject "AutoLayoutExampleApp" */;
			compatibilityVersion = "Xcode 3.2";
			developmentRegion = English;
			hasScannedForEncodings = 0;
			knownRegions = (
				en,
				Base,
			);
			mainGroup = 55D13E001D192ACE00AD61BB;
			productRefGroup = 55D13E0A1D192ACE00AD61BB /* Products */;
			projectDirPath = "";
			projectRoot = "";
			targets = (
				55D13E081D192ACE00AD61BB /* AutoLayoutExampleApp */,
			);
		};
/* End PBXProject section */

/* Begin PBXResourcesBuildPhase section */
		55D13E071D192ACE00AD61BB /* Resources */ = {
			isa = PBXResourcesBuildPhase;
			buildActionMask = 2147483647;
			files = (
				55D13E1A1D192ACF00AD61BB /* LaunchScreen.storyboard in Resources */,
				55D13E171D192ACF00AD61BB /* Assets.xcassets in Resources */,
				55D13E121D192ACF00AD61BB /* Main.storyboard in Resources */,
			);
			runOnlyForDeploymentPostprocessing = 0;
		};
/* End PBXResourcesBuildPhase section */

/* Begin PBXSourcesBuildPhase section */
		55D13E051D192ACE00AD61BB /* Sources */ = {
			isa = PBXSourcesBuildPhase;
			buildActionMask = 2147483647;
			files = (
				55D13E151D192ACF00AD61BB /* AutoLayoutExampleApp.xcdatamodeld in Sources */,
				55D13E0F1D192ACF00AD61BB /* ViewController.swift in Sources */,
				55D13E0D1D192ACF00AD61BB /* AppDelegate.swift in Sources */,
			);
			runOnlyForDeploymentPostprocessing = 0;
		};
/* End PBXSourcesBuildPhase section */

/* Begin PBXVariantGroup section */
		55D13E101D192ACF00AD61BB /* Main.storyboard */ = {
			isa = PBXVariantGroup;
			children = (
				55D13E111D192ACF00AD61BB /* Base */,
			);
			name = Main.storyboard;
			sourceTree = "<group>";
		};
		55D13E181D192ACF00AD61BB /* LaunchScreen.storyboard */ = {
			isa = PBXVariantGroup;
			children = (
				55D13E191D192ACF00AD61BB /* Base */,
			);
			name = LaunchScreen.storyboard;
			sourceTree = "<group>";
		};
/* End PBXVariantGroup section */

/* Begin XCBuildConfiguration section */
		55D13E1C1D192ACF00AD61BB /* Debug */ = {
			isa = XCBuildConfiguration;
			buildSettings = {
				ALWAYS_SEARCH_USER_PATHS = NO;
				CLANG_ANALYZER_NONNULL = YES;
				CLANG_CXX_LANGUAGE_STANDARD = "gnu++0x";
				CLANG_CXX_LIBRARY = "libc++";
				CLANG_ENABLE_MODULES = YES;
				CLANG_ENABLE_OBJC_ARC = YES;
				CLANG_WARN_BOOL_CONVERSION = YES;
				CLANG_WARN_CONSTANT_CONVERSION = YES;
				CLANG_WARN_DIRECT_OBJC_ISA_USAGE = YES_ERROR;
				CLANG_WARN_EMPTY_BODY = YES;
				CLANG_WARN_ENUM_CONVERSION = YES;
				CLANG_WARN_INT_CONVERSION = YES;
				CLANG_WARN_OBJC_ROOT_CLASS = YES_ERROR;
				CLANG_WARN_UNREACHABLE_CODE = YES;
				CLANG_WARN__DUPLICATE_METHOD_MATCH = YES;
				"CODE_SIGN_IDENTITY[sdk=iphoneos*]" = "iPhone Developer";
				COPY_PHASE_STRIP = NO;
				DEBUG_INFORMATION_FORMAT = dwarf;
				ENABLE_STRICT_OBJC_MSGSEND = YES;
				ENABLE_TESTABILITY = YES;
				GCC_C_LANGUAGE_STANDARD = gnu99;
				GCC_DYNAMIC_NO_PIC = NO;
				GCC_NO_COMMON_BLOCKS = YES;
				GCC_OPTIMIZATION_LEVEL = 0;
				GCC_PREPROCESSOR_DEFINITIONS = (
					"DEBUG=1",
					"$(inherited)",
				);
				GCC_WARN_64_TO_32_BIT_CONVERSION = YES;
				GCC_WARN_ABOUT_RETURN_TYPE = YES_ERROR;
				GCC_WARN_UNDECLARED_SELECTOR = YES;
				GCC_WARN_UNINITIALIZED_AUTOS = YES_AGGRESSIVE;
				GCC_WARN_UNUSED_FUNCTION = YES;
				GCC_WARN_UNUSED_VARIABLE = YES;
				IPHONEOS_DEPLOYMENT_TARGET = 9.3;
				MTL_ENABLE_DEBUG_INFO = YES;
				ONLY_ACTIVE_ARCH = YES;
				SDKROOT = iphoneos;
				SWIFT_OPTIMIZATION_LEVEL = "-Onone";
			};
			name = Debug;
		};
		55D13E1D1D192ACF00AD61BB /* Release */ = {
			isa = XCBuildConfiguration;
			buildSettings = {
				ALWAYS_SEARCH_USER_PATHS = NO;
				CLANG_ANALYZER_NONNULL = YES;
				CLANG_CXX_LANGUAGE_STANDARD = "gnu++0x";
				CLANG_CXX_LIBRARY = "libc++";
				CLANG_ENABLE_MODULES = YES;
				CLANG_ENABLE_OBJC_ARC = YES;
				CLANG_WARN_BOOL_CONVERSION = YES;
				CLANG_WARN_CONSTANT_CONVERSION = YES;
				CLANG_WARN_DIRECT_OBJC_ISA_USAGE = YES_ERROR;
				CLANG_WARN_EMPTY_BODY = YES;
				CLANG_WARN_ENUM_CONVERSION = YES;
				CLANG_WARN_INT_CONVERSION = YES;
				CLANG_WARN_OBJC_ROOT_CLASS = YES_ERROR;
				CLANG_WARN_UNREACHABLE_CODE = YES;
				CLANG_WARN__DUPLICATE_METHOD_MATCH = YES;
				"CODE_SIGN_IDENTITY[sdk=iphoneos*]" = "iPhone Developer";
				COPY_PHASE_STRIP = NO;
				DEBUG_INFORMATION_FORMAT = "dwarf-with-dsym";
				ENABLE_NS_ASSERTIONS = NO;
				ENABLE_STRICT_OBJC_MSGSEND = YES;
				GCC_C_LANGUAGE_STANDARD = gnu99;
				GCC_NO_COMMON_BLOCKS = YES;
				GCC_WARN_64_TO_32_BIT_CONVERSION = YES;
				GCC_WARN_ABOUT_RETURN_TYPE = YES_ERROR;
				GCC_WARN_UNDECLARED_SELECTOR = YES;
				GCC_WARN_UNINITIALIZED_AUTOS = YES_AGGRESSIVE;
				GCC_WARN_UNUSED_FUNCTION = YES;
				GCC_WARN_UNUSED_VARIABLE = YES;
				IPHONEOS_DEPLOYMENT_TARGET = 9.3;
				MTL_ENABLE_DEBUG_INFO = NO;
				SDKROOT = iphoneos;
				VALIDATE_PRODUCT = YES;
			};
			name = Release;
		};
		55D13E1F1D192ACF00AD61BB /* Debug */ = {
			isa = XCBuildConfiguration;
			buildSettings = {
				ASSETCATALOG_COMPILER_APPICON_NAME = AppIcon;
				INFOPLIST_FILE = AutoLayoutExampleApp/Info.plist;
				LD_RUNPATH_SEARCH_PATHS = "$(inherited) @executable_path/Frameworks";
				PRODUCT_BUNDLE_IDENTIFIER = com.ppoh71.ch.AutoLayoutExampleApp;
				PRODUCT_NAME = "$(TARGET_NAME)";
			};
			name = Debug;
		};
		55D13E201D192ACF00AD61BB /* Release */ = {
			isa = XCBuildConfiguration;
			buildSettings = {
				ASSETCATALOG_COMPILER_APPICON_NAME = AppIcon;
				INFOPLIST_FILE = AutoLayoutExampleApp/Info.plist;
				LD_RUNPATH_SEARCH_PATHS = "$(inherited) @executable_path/Frameworks";
				PRODUCT_BUNDLE_IDENTIFIER = com.ppoh71.ch.AutoLayoutExampleApp;
				PRODUCT_NAME = "$(TARGET_NAME)";
			};
			name = Release;
		};
/* End XCBuildConfiguration section */

/* Begin XCConfigurationList section */
		55D13E041D192ACE00AD61BB /* Build configuration list for PBXProject "AutoLayoutExampleApp" */ = {
			isa = XCConfigurationList;
			buildConfigurations = (
				55D13E1C1D192ACF00AD61BB /* Debug */,
				55D13E1D1D192ACF00AD61BB /* Release */,
			);
			defaultConfigurationIsVisible = 0;
			defaultConfigurationName = Release;
		};
		55D13E1E1D192ACF00AD61BB /* Build configuration list for PBXNativeTarget "AutoLayoutExampleApp" */ = {
			isa = XCConfigurationList;
			buildConfigurations = (
				55D13E1F1D192ACF00AD61BB /* Debug */,
				55D13E201D192ACF00AD61BB /* Release */,
			);
			defaultConfigurationIsVisible = 0;
			defaultConfigurationName = Release;
		};
/* End XCConfigurationList section */

/* Begin XCVersionGroup section */
		55D13E131D192ACF00AD61BB /* AutoLayoutExampleApp.xcdatamodeld */ = {
			isa = XCVersionGroup;
			children = (
				55D13E141D192ACF00AD61BB /* AutoLayoutExampleApp.xcdatamodel */,
			);
			currentVersion = 55D13E141D192ACF00AD61BB /* AutoLayoutExampleApp.xcdatamodel */;
			path = AutoLayoutExampleApp.xcdatamodeld;
			sourceTree = "<group>";
			versionGroupType = wrapper.xcdatamodel;
		};
/* End XCVersionGroup section */
	};
	rootObject = 55D13E011D192ACE00AD61BB /* Project object */;
}
