// !$*UTF8*$!
{
	archiveVersion = 1;
	classes = {
	};
	objectVersion = 46;
	objects = {

/* Begin PBXBuildFile section */
		554EEB5E1D0720CE00307F47 /* AppDelegate.swift in Sources */ = {isa = PBXBuildFile; fileRef = 554EEB5D1D0720CE00307F47 /* AppDelegate.swift */; };
		554EEB601D0720CE00307F47 /* ViewController.swift in Sources */ = {isa = PBXBuildFile; fileRef = 554EEB5F1D0720CE00307F47 /* ViewController.swift */; };
		554EEB631D0720CE00307F47 /* Main.storyboard in Resources */ = {isa = PBXBuildFile; fileRef = 554EEB611D0720CE00307F47 /* Main.storyboard */; };
		554EEB661D0720CE00307F47 /* TestLocation.xcdatamodeld in Sources */ = {isa = PBXBuildFile; fileRef = 554EEB641D0720CE00307F47 /* TestLocation.xcdatamodeld */; };
		554EEB681D0720CE00307F47 /* Assets.xcassets in Resources */ = {isa = PBXBuildFile; fileRef = 554EEB671D0720CE00307F47 /* Assets.xcassets */; };
		554EEB6B1D0720CE00307F47 /* LaunchScreen.storyboard in Resources */ = {isa = PBXBuildFile; fileRef = 554EEB691D0720CE00307F47 /* LaunchScreen.storyboard */; };
/* End PBXBuildFile section */

/* Begin PBXFileReference section */
		554EEB5A1D0720CE00307F47 /* TestLocation.app */ = {isa = PBXFileReference; explicitFileType = wrapper.application; includeInIndex = 0; path = TestLocation.app; sourceTree = BUILT_PRODUCTS_DIR; };
		554EEB5D1D0720CE00307F47 /* AppDelegate.swift */ = {isa = PBXFileReference; lastKnownFileType = sourcecode.swift; path = AppDelegate.swift; sourceTree = "<group>"; };
		554EEB5F1D0720CE00307F47 /* ViewController.swift */ = {isa = PBXFileReference; lastKnownFileType = sourcecode.swift; path = ViewController.swift; sourceTree = "<group>"; };
		554EEB621D0720CE00307F47 /* Base */ = {isa = PBXFileReference; lastKnownFileType = file.storyboard; name = Base; path = Base.lproj/Main.storyboard; sourceTree = "<group>"; };
		554EEB651D0720CE00307F47 /* TestLocation.xcdatamodel */ = {isa = PBXFileReference; lastKnownFileType = wrapper.xcdatamodel; path = TestLocation.xcdatamodel; sourceTree = "<group>"; };
		554EEB671D0720CE00307F47 /* Assets.xcassets */ = {isa = PBXFileReference; lastKnownFileType = folder.assetcatalog; path = Assets.xcassets; sourceTree = "<group>"; };
		554EEB6A1D0720CE00307F47 /* Base */ = {isa = PBXFileReference; lastKnownFileType = file.storyboard; name = Base; path = Base.lproj/LaunchScreen.storyboard; sourceTree = "<group>"; };
		554EEB6C1D0720CE00307F47 /* Info.plist */ = {isa = PBXFileReference; lastKnownFileType = text.plist.xml; path = Info.plist; sourceTree = "<group>"; };
/* End PBXFileReference section */

/* Begin PBXFrameworksBuildPhase section */
		554EEB571D0720CE00307F47 /* Frameworks */ = {
			isa = PBXFrameworksBuildPhase;
			buildActionMask = 2147483647;
			files = (
			);
			runOnlyForDeploymentPostprocessing = 0;
		};
/* End PBXFrameworksBuildPhase section */

/* Begin PBXGroup section */
		554EEB511D0720CE00307F47 = {
			isa = PBXGroup;
			children = (
				554EEB5C1D0720CE00307F47 /* TestLocation */,
				554EEB5B1D0720CE00307F47 /* Products */,
			);
			sourceTree = "<group>";
		};
		554EEB5B1D0720CE00307F47 /* Products */ = {
			isa = PBXGroup;
			children = (
				554EEB5A1D0720CE00307F47 /* TestLocation.app */,
			);
			name = Products;
			sourceTree = "<group>";
		};
		554EEB5C1D0720CE00307F47 /* TestLocation */ = {
			isa = PBXGroup;
			children = (
				554EEB5D1D0720CE00307F47 /* AppDelegate.swift */,
				554EEB5F1D0720CE00307F47 /* ViewController.swift */,
				554EEB611D0720CE00307F47 /* Main.storyboard */,
				554EEB671D0720CE00307F47 /* Assets.xcassets */,
				554EEB691D0720CE00307F47 /* LaunchScreen.storyboard */,
				554EEB6C1D0720CE00307F47 /* Info.plist */,
				554EEB641D0720CE00307F47 /* TestLocation.xcdatamodeld */,
			);
			path = TestLocation;
			sourceTree = "<group>";
		};
/* End PBXGroup section */

/* Begin PBXNativeTarget section */
		554EEB591D0720CE00307F47 /* TestLocation */ = {
			isa = PBXNativeTarget;
			buildConfigurationList = 554EEB6F1D0720CE00307F47 /* Build configuration list for PBXNativeTarget "TestLocation" */;
			buildPhases = (
				554EEB561D0720CE00307F47 /* Sources */,
				554EEB571D0720CE00307F47 /* Frameworks */,
				554EEB581D0720CE00307F47 /* Resources */,
			);
			buildRules = (
			);
			dependencies = (
			);
			name = TestLocation;
			productName = TestLocation;
			productReference = 554EEB5A1D0720CE00307F47 /* TestLocation.app */;
			productType = "com.apple.product-type.application";
		};
/* End PBXNativeTarget section */

/* Begin PBXProject section */
		554EEB521D0720CE00307F47 /* Project object */ = {
			isa = PBXProject;
			attributes = {
				LastSwiftUpdateCheck = 0730;
				LastUpgradeCheck = 0730;
				ORGANIZATIONNAME = "Peter Pohlmann";
				TargetAttributes = {
					554EEB591D0720CE00307F47 = {
						CreatedOnToolsVersion = 7.3;
					};
				};
			};
			buildConfigurationList = 554EEB551D0720CE00307F47 /* Build configuration list for PBXProject "TestLocation" */;
			compatibilityVersion = "Xcode 3.2";
			developmentRegion = English;
			hasScannedForEncodings = 0;
			knownRegions = (
				en,
				Base,
			);
			mainGroup = 554EEB511D0720CE00307F47;
			productRefGroup = 554EEB5B1D0720CE00307F47 /* Products */;
			projectDirPath = "";
			projectRoot = "";
			targets = (
				554EEB591D0720CE00307F47 /* TestLocation */,
			);
		};
/* End PBXProject section */

/* Begin PBXResourcesBuildPhase section */
		554EEB581D0720CE00307F47 /* Resources */ = {
			isa = PBXResourcesBuildPhase;
			buildActionMask = 2147483647;
			files = (
				554EEB6B1D0720CE00307F47 /* LaunchScreen.storyboard in Resources */,
				554EEB681D0720CE00307F47 /* Assets.xcassets in Resources */,
				554EEB631D0720CE00307F47 /* Main.storyboard in Resources */,
			);
			runOnlyForDeploymentPostprocessing = 0;
		};
/* End PBXResourcesBuildPhase section */

/* Begin PBXSourcesBuildPhase section */
		554EEB561D0720CE00307F47 /* Sources */ = {
			isa = PBXSourcesBuildPhase;
			buildActionMask = 2147483647;
			files = (
				554EEB601D0720CE00307F47 /* ViewController.swift in Sources */,
				554EEB5E1D0720CE00307F47 /* AppDelegate.swift in Sources */,
				554EEB661D0720CE00307F47 /* TestLocation.xcdatamodeld in Sources */,
			);
			runOnlyForDeploymentPostprocessing = 0;
		};
/* End PBXSourcesBuildPhase section */

/* Begin PBXVariantGroup section */
		554EEB611D0720CE00307F47 /* Main.storyboard */ = {
			isa = PBXVariantGroup;
			children = (
				554EEB621D0720CE00307F47 /* Base */,
			);
			name = Main.storyboard;
			sourceTree = "<group>";
		};
		554EEB691D0720CE00307F47 /* LaunchScreen.storyboard */ = {
			isa = PBXVariantGroup;
			children = (
				554EEB6A1D0720CE00307F47 /* Base */,
			);
			name = LaunchScreen.storyboard;
			sourceTree = "<group>";
		};
/* End PBXVariantGroup section */

/* Begin XCBuildConfiguration section */
		554EEB6D1D0720CE00307F47 /* Debug */ = {
			isa = XCBuildConfiguration;
			buildSettings = {
				ALWAYS_SEARCH_USER_PATHS = NO;
				CLANG_ANALYZER_NONNULL = YES;
				CLANG_CXX_LANGUAGE_STANDARD = "gnu++0x";
				CLANG_CXX_LIBRARY = "libc++";
				CLANG_ENABLE_MODULES = YES;
				CLANG_ENABLE_OBJC_ARC = YES;
				CLANG_WARN_BOOL_CONVERSION = YES;
				CLANG_WARN_CONSTANT_CONVERSION = YES;
				CLANG_WARN_DIRECT_OBJC_ISA_USAGE = YES_ERROR;
				CLANG_WARN_EMPTY_BODY = YES;
				CLANG_WARN_ENUM_CONVERSION = YES;
				CLANG_WARN_INT_CONVERSION = YES;
				CLANG_WARN_OBJC_ROOT_CLASS = YES_ERROR;
				CLANG_WARN_UNREACHABLE_CODE = YES;
				CLANG_WARN__DUPLICATE_METHOD_MATCH = YES;
				"CODE_SIGN_IDENTITY[sdk=iphoneos*]" = "iPhone Developer";
				COPY_PHASE_STRIP = NO;
				DEBUG_INFORMATION_FORMAT = dwarf;
				ENABLE_STRICT_OBJC_MSGSEND = YES;
				ENABLE_TESTABILITY = YES;
				GCC_C_LANGUAGE_STANDARD = gnu99;
				GCC_DYNAMIC_NO_PIC = NO;
				GCC_NO_COMMON_BLOCKS = YES;
				GCC_OPTIMIZATION_LEVEL = 0;
				GCC_PREPROCESSOR_DEFINITIONS = (
					"DEBUG=1",
					"$(inherited)",
				);
				GCC_WARN_64_TO_32_BIT_CONVERSION = YES;
				GCC_WARN_ABOUT_RETURN_TYPE = YES_ERROR;
				GCC_WARN_UNDECLARED_SELECTOR = YES;
				GCC_WARN_UNINITIALIZED_AUTOS = YES_AGGRESSIVE;
				GCC_WARN_UNUSED_FUNCTION = YES;
				GCC_WARN_UNUSED_VARIABLE = YES;
				IPHONEOS_DEPLOYMENT_TARGET = 9.3;
				MTL_ENABLE_DEBUG_INFO = YES;
				ONLY_ACTIVE_ARCH = YES;
				SDKROOT = iphoneos;
				SWIFT_OPTIMIZATION_LEVEL = "-Onone";
			};
			name = Debug;
		};
		554EEB6E1D0720CE00307F47 /* Release */ = {
			isa = XCBuildConfiguration;
			buildSettings = {
				ALWAYS_SEARCH_USER_PATHS = NO;
				CLANG_ANALYZER_NONNULL = YES;
				CLANG_CXX_LANGUAGE_STANDARD = "gnu++0x";
				CLANG_CXX_LIBRARY = "libc++";
				CLANG_ENABLE_MODULES = YES;
				CLANG_ENABLE_OBJC_ARC = YES;
				CLANG_WARN_BOOL_CONVERSION = YES;
				CLANG_WARN_CONSTANT_CONVERSION = YES;
				CLANG_WARN_DIRECT_OBJC_ISA_USAGE = YES_ERROR;
				CLANG_WARN_EMPTY_BODY = YES;
				CLANG_WARN_ENUM_CONVERSION = YES;
				CLANG_WARN_INT_CONVERSION = YES;
				CLANG_WARN_OBJC_ROOT_CLASS = YES_ERROR;
				CLANG_WARN_UNREACHABLE_CODE = YES;
				CLANG_WARN__DUPLICATE_METHOD_MATCH = YES;
				"CODE_SIGN_IDENTITY[sdk=iphoneos*]" = "iPhone Developer";
				COPY_PHASE_STRIP = NO;
				DEBUG_INFORMATION_FORMAT = "dwarf-with-dsym";
				ENABLE_NS_ASSERTIONS = NO;
				ENABLE_STRICT_OBJC_MSGSEND = YES;
				GCC_C_LANGUAGE_STANDARD = gnu99;
				GCC_NO_COMMON_BLOCKS = YES;
				GCC_WARN_64_TO_32_BIT_CONVERSION = YES;
				GCC_WARN_ABOUT_RETURN_TYPE = YES_ERROR;
				GCC_WARN_UNDECLARED_SELECTOR = YES;
				GCC_WARN_UNINITIALIZED_AUTOS = YES_AGGRESSIVE;
				GCC_WARN_UNUSED_FUNCTION = YES;
				GCC_WARN_UNUSED_VARIABLE = YES;
				IPHONEOS_DEPLOYMENT_TARGET = 9.3;
				MTL_ENABLE_DEBUG_INFO = NO;
				SDKROOT = iphoneos;
				VALIDATE_PRODUCT = YES;
			};
			name = Release;
		};
		554EEB701D0720CE00307F47 /* Debug */ = {
			isa = XCBuildConfiguration;
			buildSettings = {
				ASSETCATALOG_COMPILER_APPICON_NAME = AppIcon;
				INFOPLIST_FILE = TestLocation/Info.plist;
				LD_RUNPATH_SEARCH_PATHS = "$(inherited) @executable_path/Frameworks";
				PRODUCT_BUNDLE_IDENTIFIER = com.ppoh71.ch.TestLocation;
				PRODUCT_NAME = "$(TARGET_NAME)";
			};
			name = Debug;
		};
		554EEB711D0720CE00307F47 /* Release */ = {
			isa = XCBuildConfiguration;
			buildSettings = {
				ASSETCATALOG_COMPILER_APPICON_NAME = AppIcon;
				INFOPLIST_FILE = TestLocation/Info.plist;
				LD_RUNPATH_SEARCH_PATHS = "$(inherited) @executable_path/Frameworks";
				PRODUCT_BUNDLE_IDENTIFIER = com.ppoh71.ch.TestLocation;
				PRODUCT_NAME = "$(TARGET_NAME)";
			};
			name = Release;
		};
/* End XCBuildConfiguration section */

/* Begin XCConfigurationList section */
		554EEB551D0720CE00307F47 /* Build configuration list for PBXProject "TestLocation" */ = {
			isa = XCConfigurationList;
			buildConfigurations = (
				554EEB6D1D0720CE00307F47 /* Debug */,
				554EEB6E1D0720CE00307F47 /* Release */,
			);
			defaultConfigurationIsVisible = 0;
			defaultConfigurationName = Release;
		};
		554EEB6F1D0720CE00307F47 /* Build configuration list for PBXNativeTarget "TestLocation" */ = {
			isa = XCConfigurationList;
			buildConfigurations = (
				554EEB701D0720CE00307F47 /* Debug */,
				554EEB711D0720CE00307F47 /* Release */,
			);
			defaultConfigurationIsVisible = 0;
		};
/* End XCConfigurationList section */

/* Begin XCVersionGroup section */
		554EEB641D0720CE00307F47 /* TestLocation.xcdatamodeld */ = {
			isa = XCVersionGroup;
			children = (
				554EEB651D0720CE00307F47 /* TestLocation.xcdatamodel */,
			);
			currentVersion = 554EEB651D0720CE00307F47 /* TestLocation.xcdatamodel */;
			path = TestLocation.xcdatamodeld;
			sourceTree = "<group>";
			versionGroupType = wrapper.xcdatamodel;
		};
/* End XCVersionGroup section */
	};
	rootObject = 554EEB521D0720CE00307F47 /* Project object */;
}
