// !$*UTF8*$!
{
	archiveVersion = 1;
	classes = {
	};
	objectVersion = 46;
	objects = {

/* Begin PBXBuildFile section */
		55AE2EA41D0868EC0017EBD7 /* AppDelegate.swift in Sources */ = {isa = PBXBuildFile; fileRef = 55AE2EA31D0868EC0017EBD7 /* AppDelegate.swift */; };
		55AE2EA61D0868EC0017EBD7 /* ViewController.swift in Sources */ = {isa = PBXBuildFile; fileRef = 55AE2EA51D0868EC0017EBD7 /* ViewController.swift */; };
		55AE2EA91D0868EC0017EBD7 /* Main.storyboard in Resources */ = {isa = PBXBuildFile; fileRef = 55AE2EA71D0868EC0017EBD7 /* Main.storyboard */; };
		55AE2EAC1D0868EC0017EBD7 /* DelegateExample.xcdatamodeld in Sources */ = {isa = PBXBuildFile; fileRef = 55AE2EAA1D0868EC0017EBD7 /* DelegateExample.xcdatamodeld */; };
		55AE2EAE1D0868EC0017EBD7 /* Assets.xcassets in Resources */ = {isa = PBXBuildFile; fileRef = 55AE2EAD1D0868EC0017EBD7 /* Assets.xcassets */; };
		55AE2EB11D0868EC0017EBD7 /* LaunchScreen.storyboard in Resources */ = {isa = PBXBuildFile; fileRef = 55AE2EAF1D0868EC0017EBD7 /* LaunchScreen.storyboard */; };
		55AE2EB91D086AF20017EBD7 /* SecondView.swift in Sources */ = {isa = PBXBuildFile; fileRef = 55AE2EB81D086AF20017EBD7 /* SecondView.swift */; };
/* End PBXBuildFile section */

/* Begin PBXFileReference section */
		55AE2EA01D0868EC0017EBD7 /* DelegateExample.app */ = {isa = PBXFileReference; explicitFileType = wrapper.application; includeInIndex = 0; path = DelegateExample.app; sourceTree = BUILT_PRODUCTS_DIR; };
		55AE2EA31D0868EC0017EBD7 /* AppDelegate.swift */ = {isa = PBXFileReference; lastKnownFileType = sourcecode.swift; path = AppDelegate.swift; sourceTree = "<group>"; };
		55AE2EA51D0868EC0017EBD7 /* ViewController.swift */ = {isa = PBXFileReference; lastKnownFileType = sourcecode.swift; path = ViewController.swift; sourceTree = "<group>"; };
		55AE2EA81D0868EC0017EBD7 /* Base */ = {isa = PBXFileReference; lastKnownFileType = file.storyboard; name = Base; path = Base.lproj/Main.storyboard; sourceTree = "<group>"; };
		55AE2EAB1D0868EC0017EBD7 /* DelegateExample.xcdatamodel */ = {isa = PBXFileReference; lastKnownFileType = wrapper.xcdatamodel; path = DelegateExample.xcdatamodel; sourceTree = "<group>"; };
		55AE2EAD1D0868EC0017EBD7 /* Assets.xcassets */ = {isa = PBXFileReference; lastKnownFileType = folder.assetcatalog; path = Assets.xcassets; sourceTree = "<group>"; };
		55AE2EB01D0868EC0017EBD7 /* Base */ = {isa = PBXFileReference; lastKnownFileType = file.storyboard; name = Base; path = Base.lproj/LaunchScreen.storyboard; sourceTree = "<group>"; };
		55AE2EB21D0868EC0017EBD7 /* Info.plist */ = {isa = PBXFileReference; lastKnownFileType = text.plist.xml; path = Info.plist; sourceTree = "<group>"; };
		55AE2EB81D086AF20017EBD7 /* SecondView.swift */ = {isa = PBXFileReference; fileEncoding = 4; lastKnownFileType = sourcecode.swift; path = SecondView.swift; sourceTree = "<group>"; };
/* End PBXFileReference section */

/* Begin PBXFrameworksBuildPhase section */
		55AE2E9D1D0868EC0017EBD7 /* Frameworks */ = {
			isa = PBXFrameworksBuildPhase;
			buildActionMask = 2147483647;
			files = (
			);
			runOnlyForDeploymentPostprocessing = 0;
		};
/* End PBXFrameworksBuildPhase section */

/* Begin PBXGroup section */
		55AE2E971D0868EC0017EBD7 = {
			isa = PBXGroup;
			children = (
				55AE2EA21D0868EC0017EBD7 /* DelegateExample */,
				55AE2EA11D0868EC0017EBD7 /* Products */,
			);
			sourceTree = "<group>";
		};
		55AE2EA11D0868EC0017EBD7 /* Products */ = {
			isa = PBXGroup;
			children = (
				55AE2EA01D0868EC0017EBD7 /* DelegateExample.app */,
			);
			name = Products;
			sourceTree = "<group>";
		};
		55AE2EA21D0868EC0017EBD7 /* DelegateExample */ = {
			isa = PBXGroup;
			children = (
				55AE2EA31D0868EC0017EBD7 /* AppDelegate.swift */,
				55AE2EA51D0868EC0017EBD7 /* ViewController.swift */,
				55AE2EA71D0868EC0017EBD7 /* Main.storyboard */,
				55AE2EAD1D0868EC0017EBD7 /* Assets.xcassets */,
				55AE2EAF1D0868EC0017EBD7 /* LaunchScreen.storyboard */,
				55AE2EB21D0868EC0017EBD7 /* Info.plist */,
				55AE2EAA1D0868EC0017EBD7 /* DelegateExample.xcdatamodeld */,
				55AE2EB81D086AF20017EBD7 /* SecondView.swift */,
			);
			path = DelegateExample;
			sourceTree = "<group>";
		};
/* End PBXGroup section */

/* Begin PBXNativeTarget section */
		55AE2E9F1D0868EC0017EBD7 /* DelegateExample */ = {
			isa = PBXNativeTarget;
			buildConfigurationList = 55AE2EB51D0868EC0017EBD7 /* Build configuration list for PBXNativeTarget "DelegateExample" */;
			buildPhases = (
				55AE2E9C1D0868EC0017EBD7 /* Sources */,
				55AE2E9D1D0868EC0017EBD7 /* Frameworks */,
				55AE2E9E1D0868EC0017EBD7 /* Resources */,
			);
			buildRules = (
			);
			dependencies = (
			);
			name = DelegateExample;
			productName = DelegateExample;
			productReference = 55AE2EA01D0868EC0017EBD7 /* DelegateExample.app */;
			productType = "com.apple.product-type.application";
		};
/* End PBXNativeTarget section */

/* Begin PBXProject section */
		55AE2E981D0868EC0017EBD7 /* Project object */ = {
			isa = PBXProject;
			attributes = {
				LastSwiftUpdateCheck = 0730;
				LastUpgradeCheck = 0730;
				ORGANIZATIONNAME = "Peter Pohlmann";
				TargetAttributes = {
					55AE2E9F1D0868EC0017EBD7 = {
						CreatedOnToolsVersion = 7.3;
					};
				};
			};
			buildConfigurationList = 55AE2E9B1D0868EC0017EBD7 /* Build configuration list for PBXProject "DelegateExample" */;
			compatibilityVersion = "Xcode 3.2";
			developmentRegion = English;
			hasScannedForEncodings = 0;
			knownRegions = (
				en,
				Base,
			);
			mainGroup = 55AE2E971D0868EC0017EBD7;
			productRefGroup = 55AE2EA11D0868EC0017EBD7 /* Products */;
			projectDirPath = "";
			projectRoot = "";
			targets = (
				55AE2E9F1D0868EC0017EBD7 /* DelegateExample */,
			);
		};
/* End PBXProject section */

/* Begin PBXResourcesBuildPhase section */
		55AE2E9E1D0868EC0017EBD7 /* Resources */ = {
			isa = PBXResourcesBuildPhase;
			buildActionMask = 2147483647;
			files = (
				55AE2EB11D0868EC0017EBD7 /* LaunchScreen.storyboard in Resources */,
				55AE2EAE1D0868EC0017EBD7 /* Assets.xcassets in Resources */,
				55AE2EA91D0868EC0017EBD7 /* Main.storyboard in Resources */,
			);
			runOnlyForDeploymentPostprocessing = 0;
		};
/* End PBXResourcesBuildPhase section */

/* Begin PBXSourcesBuildPhase section */
		55AE2E9C1D0868EC0017EBD7 /* Sources */ = {
			isa = PBXSourcesBuildPhase;
			buildActionMask = 2147483647;
			files = (
				55AE2EA61D0868EC0017EBD7 /* ViewController.swift in Sources */,
				55AE2EAC1D0868EC0017EBD7 /* DelegateExample.xcdatamodeld in Sources */,
				55AE2EB91D086AF20017EBD7 /* SecondView.swift in Sources */,
				55AE2EA41D0868EC0017EBD7 /* AppDelegate.swift in Sources */,
			);
			runOnlyForDeploymentPostprocessing = 0;
		};
/* End PBXSourcesBuildPhase section */

/* Begin PBXVariantGroup section */
		55AE2EA71D0868EC0017EBD7 /* Main.storyboard */ = {
			isa = PBXVariantGroup;
			children = (
				55AE2EA81D0868EC0017EBD7 /* Base */,
			);
			name = Main.storyboard;
			sourceTree = "<group>";
		};
		55AE2EAF1D0868EC0017EBD7 /* LaunchScreen.storyboard */ = {
			isa = PBXVariantGroup;
			children = (
				55AE2EB01D0868EC0017EBD7 /* Base */,
			);
			name = LaunchScreen.storyboard;
			sourceTree = "<group>";
		};
/* End PBXVariantGroup section */

/* Begin XCBuildConfiguration section */
		55AE2EB31D0868EC0017EBD7 /* Debug */ = {
			isa = XCBuildConfiguration;
			buildSettings = {
				ALWAYS_SEARCH_USER_PATHS = NO;
				CLANG_ANALYZER_NONNULL = YES;
				CLANG_CXX_LANGUAGE_STANDARD = "gnu++0x";
				CLANG_CXX_LIBRARY = "libc++";
				CLANG_ENABLE_MODULES = YES;
				CLANG_ENABLE_OBJC_ARC = YES;
				CLANG_WARN_BOOL_CONVERSION = YES;
				CLANG_WARN_CONSTANT_CONVERSION = YES;
				CLANG_WARN_DIRECT_OBJC_ISA_USAGE = YES_ERROR;
				CLANG_WARN_EMPTY_BODY = YES;
				CLANG_WARN_ENUM_CONVERSION = YES;
				CLANG_WARN_INT_CONVERSION = YES;
				CLANG_WARN_OBJC_ROOT_CLASS = YES_ERROR;
				CLANG_WARN_UNREACHABLE_CODE = YES;
				CLANG_WARN__DUPLICATE_METHOD_MATCH = YES;
				"CODE_SIGN_IDENTITY[sdk=iphoneos*]" = "iPhone Developer";
				COPY_PHASE_STRIP = NO;
				DEBUG_INFORMATION_FORMAT = dwarf;
				ENABLE_STRICT_OBJC_MSGSEND = YES;
				ENABLE_TESTABILITY = YES;
				GCC_C_LANGUAGE_STANDARD = gnu99;
				GCC_DYNAMIC_NO_PIC = NO;
				GCC_NO_COMMON_BLOCKS = YES;
				GCC_OPTIMIZATION_LEVEL = 0;
				GCC_PREPROCESSOR_DEFINITIONS = (
					"DEBUG=1",
					"$(inherited)",
				);
				GCC_WARN_64_TO_32_BIT_CONVERSION = YES;
				GCC_WARN_ABOUT_RETURN_TYPE = YES_ERROR;
				GCC_WARN_UNDECLARED_SELECTOR = YES;
				GCC_WARN_UNINITIALIZED_AUTOS = YES_AGGRESSIVE;
				GCC_WARN_UNUSED_FUNCTION = YES;
				GCC_WARN_UNUSED_VARIABLE = YES;
				IPHONEOS_DEPLOYMENT_TARGET = 9.3;
				MTL_ENABLE_DEBUG_INFO = YES;
				ONLY_ACTIVE_ARCH = YES;
				SDKROOT = iphoneos;
				SWIFT_OPTIMIZATION_LEVEL = "-Onone";
			};
			name = Debug;
		};
		55AE2EB41D0868EC0017EBD7 /* Release */ = {
			isa = XCBuildConfiguration;
			buildSettings = {
				ALWAYS_SEARCH_USER_PATHS = NO;
				CLANG_ANALYZER_NONNULL = YES;
				CLANG_CXX_LANGUAGE_STANDARD = "gnu++0x";
				CLANG_CXX_LIBRARY = "libc++";
				CLANG_ENABLE_MODULES = YES;
				CLANG_ENABLE_OBJC_ARC = YES;
				CLANG_WARN_BOOL_CONVERSION = YES;
				CLANG_WARN_CONSTANT_CONVERSION = YES;
				CLANG_WARN_DIRECT_OBJC_ISA_USAGE = YES_ERROR;
				CLANG_WARN_EMPTY_BODY = YES;
				CLANG_WARN_ENUM_CONVERSION = YES;
				CLANG_WARN_INT_CONVERSION = YES;
				CLANG_WARN_OBJC_ROOT_CLASS = YES_ERROR;
				CLANG_WARN_UNREACHABLE_CODE = YES;
				CLANG_WARN__DUPLICATE_METHOD_MATCH = YES;
				"CODE_SIGN_IDENTITY[sdk=iphoneos*]" = "iPhone Developer";
				COPY_PHASE_STRIP = NO;
				DEBUG_INFORMATION_FORMAT = "dwarf-with-dsym";
				ENABLE_NS_ASSERTIONS = NO;
				ENABLE_STRICT_OBJC_MSGSEND = YES;
				GCC_C_LANGUAGE_STANDARD = gnu99;
				GCC_NO_COMMON_BLOCKS = YES;
				GCC_WARN_64_TO_32_BIT_CONVERSION = YES;
				GCC_WARN_ABOUT_RETURN_TYPE = YES_ERROR;
				GCC_WARN_UNDECLARED_SELECTOR = YES;
				GCC_WARN_UNINITIALIZED_AUTOS = YES_AGGRESSIVE;
				GCC_WARN_UNUSED_FUNCTION = YES;
				GCC_WARN_UNUSED_VARIABLE = YES;
				IPHONEOS_DEPLOYMENT_TARGET = 9.3;
				MTL_ENABLE_DEBUG_INFO = NO;
				SDKROOT = iphoneos;
				VALIDATE_PRODUCT = YES;
			};
			name = Release;
		};
		55AE2EB61D0868EC0017EBD7 /* Debug */ = {
			isa = XCBuildConfiguration;
			buildSettings = {
				ASSETCATALOG_COMPILER_APPICON_NAME = AppIcon;
				INFOPLIST_FILE = DelegateExample/Info.plist;
				LD_RUNPATH_SEARCH_PATHS = "$(inherited) @executable_path/Frameworks";
				PRODUCT_BUNDLE_IDENTIFIER = com.ppoh71.ch.DelegateExample;
				PRODUCT_NAME = "$(TARGET_NAME)";
			};
			name = Debug;
		};
		55AE2EB71D0868EC0017EBD7 /* Release */ = {
			isa = XCBuildConfiguration;
			buildSettings = {
				ASSETCATALOG_COMPILER_APPICON_NAME = AppIcon;
				INFOPLIST_FILE = DelegateExample/Info.plist;
				LD_RUNPATH_SEARCH_PATHS = "$(inherited) @executable_path/Frameworks";
				PRODUCT_BUNDLE_IDENTIFIER = com.ppoh71.ch.DelegateExample;
				PRODUCT_NAME = "$(TARGET_NAME)";
			};
			name = Release;
		};
/* End XCBuildConfiguration section */

/* Begin XCConfigurationList section */
		55AE2E9B1D0868EC0017EBD7 /* Build configuration list for PBXProject "DelegateExample" */ = {
			isa = XCConfigurationList;
			buildConfigurations = (
				55AE2EB31D0868EC0017EBD7 /* Debug */,
				55AE2EB41D0868EC0017EBD7 /* Release */,
			);
			defaultConfigurationIsVisible = 0;
			defaultConfigurationName = Release;
		};
		55AE2EB51D0868EC0017EBD7 /* Build configuration list for PBXNativeTarget "DelegateExample" */ = {
			isa = XCConfigurationList;
			buildConfigurations = (
				55AE2EB61D0868EC0017EBD7 /* Debug */,
				55AE2EB71D0868EC0017EBD7 /* Release */,
			);
			defaultConfigurationIsVisible = 0;
		};
/* End XCConfigurationList section */

/* Begin XCVersionGroup section */
		55AE2EAA1D0868EC0017EBD7 /* DelegateExample.xcdatamodeld */ = {
			isa = XCVersionGroup;
			children = (
				55AE2EAB1D0868EC0017EBD7 /* DelegateExample.xcdatamodel */,
			);
			currentVersion = 55AE2EAB1D0868EC0017EBD7 /* DelegateExample.xcdatamodel */;
			path = DelegateExample.xcdatamodeld;
			sourceTree = "<group>";
			versionGroupType = wrapper.xcdatamodel;
		};
/* End XCVersionGroup section */
	};
	rootObject = 55AE2E981D0868EC0017EBD7 /* Project object */;
}
